
Microsoft Visual Studio Solution File, Format Version 12.00
# Visual Studio Version 16
VisualStudioVersion = 16.0.31424.327
MinimumVisualStudioVersion = 10.0.40219.1
Project("{888888A0-9F3D-457C-B088-3A5042F75D52}") = "BA_MDI1", "BA_MDI1.pyproj", "{4B83B121-C36C-4E16-A066-5F59FC95F92A}"
EndProject
Global
	GlobalSection(SolutionConfigurationPlatforms) = preSolution
		Debug|Any CPU = Debug|Any CPU
		Release|Any CPU = Release|Any CPU
	EndGlobalSection
	GlobalSection(ProjectConfigurationPlatforms) = postSolution
		{4B83B121-C36C-4E16-A066-5F59FC95F92A}.Debug|Any CPU.ActiveCfg = Debug|Any CPU
		{4B83B121-C36C-4E16-A066-5F59FC95F92A}.Release|Any CPU.ActiveCfg = Release|Any CPU
	EndGlobalSection
	GlobalSection(SolutionProperties) = preSolution
		HideSolutionNode = FALSE
	EndGlobalSection
	GlobalSection(ExtensibilityGlobals) = postSolution
		SolutionGuid = {434CAF18-AA62-4D91-BFB4-D62CDF148B80}
	EndGlobalSection
EndGlobal
